// !$*UTF8*$!
{
	archiveVersion = 1;
	classes = {
	};
	objectVersion = 56;
	objects = {

/* Begin PBXBuildFile section */
		35CF9E9F2A45947000A06ABC /* GameSliderMVVMAppApp.swift in Sources */ = {isa = PBXBuildFile; fileRef = 35CF9E9E2A45947000A06ABC /* GameSliderMVVMAppApp.swift */; };
		35CF9EA12A45947000A06ABC /* ContentView.swift in Sources */ = {isa = PBXBuildFile; fileRef = 35CF9EA02A45947000A06ABC /* ContentView.swift */; };
		35CF9EA32A45947200A06ABC /* Assets.xcassets in Resources */ = {isa = PBXBuildFile; fileRef = 35CF9EA22A45947200A06ABC /* Assets.xcassets */; };
		35CF9EA62A45947200A06ABC /* Preview Assets.xcassets in Resources */ = {isa = PBXBuildFile; fileRef = 35CF9EA52A45947200A06ABC /* Preview Assets.xcassets */; };
		35CF9EAD2A4594D500A06ABC /* GameSliderView.swift in Sources */ = {isa = PBXBuildFile; fileRef = 35CF9EAC2A4594D500A06ABC /* GameSliderView.swift */; };
		35CF9EAF2A4594F800A06ABC /* GameViewModel.swift in Sources */ = {isa = PBXBuildFile; fileRef = 35CF9EAE2A4594F800A06ABC /* GameViewModel.swift */; };
		35CF9EB12A45953A00A06ABC /* GameOptions.swift in Sources */ = {isa = PBXBuildFile; fileRef = 35CF9EB02A45953A00A06ABC /* GameOptions.swift */; };
/* End PBXBuildFile section */

/* Begin PBXFileReference section */
		35CF9E9B2A45947000A06ABC /* GameSliderMVVMApp.app */ = {isa = PBXFileReference; explicitFileType = wrapper.application; includeInIndex = 0; path = GameSliderMVVMApp.app; sourceTree = BUILT_PRODUCTS_DIR; };
		35CF9E9E2A45947000A06ABC /* GameSliderMVVMAppApp.swift */ = {isa = PBXFileReference; lastKnownFileType = sourcecode.swift; path = GameSliderMVVMAppApp.swift; sourceTree = "<group>"; };
		35CF9EA02A45947000A06ABC /* ContentView.swift */ = {isa = PBXFileReference; lastKnownFileType = sourcecode.swift; path = ContentView.swift; sourceTree = "<group>"; };
		35CF9EA22A45947200A06ABC /* Assets.xcassets */ = {isa = PBXFileReference; lastKnownFileType = folder.assetcatalog; path = Assets.xcassets; sourceTree = "<group>"; };
		35CF9EA52A45947200A06ABC /* Preview Assets.xcassets */ = {isa = PBXFileReference; lastKnownFileType = folder.assetcatalog; path = "Preview Assets.xcassets"; sourceTree = "<group>"; };
		35CF9EAC2A4594D500A06ABC /* GameSliderView.swift */ = {isa = PBXFileReference; lastKnownFileType = sourcecode.swift; path = GameSliderView.swift; sourceTree = "<group>"; };
		35CF9EAE2A4594F800A06ABC /* GameViewModel.swift */ = {isa = PBXFileReference; lastKnownFileType = sourcecode.swift; path = GameViewModel.swift; sourceTree = "<group>"; };
		35CF9EB02A45953A00A06ABC /* GameOptions.swift */ = {isa = PBXFileReference; lastKnownFileType = sourcecode.swift; path = GameOptions.swift; sourceTree = "<group>"; };
/* End PBXFileReference section */

/* Begin PBXFrameworksBuildPhase section */
		35CF9E982A45947000A06ABC /* Frameworks */ = {
			isa = PBXFrameworksBuildPhase;
			buildActionMask = 2147483647;
			files = (
			);
			runOnlyForDeploymentPostprocessing = 0;
		};
/* End PBXFrameworksBuildPhase section */

/* Begin PBXGroup section */
		35CF9E922A45946F00A06ABC = {
			isa = PBXGroup;
			children = (
				35CF9E9D2A45947000A06ABC /* GameSliderMVVMApp */,
				35CF9E9C2A45947000A06ABC /* Products */,
			);
			sourceTree = "<group>";
		};
		35CF9E9C2A45947000A06ABC /* Products */ = {
			isa = PBXGroup;
			children = (
				35CF9E9B2A45947000A06ABC /* GameSliderMVVMApp.app */,
			);
			name = Products;
			sourceTree = "<group>";
		};
		35CF9E9D2A45947000A06ABC /* GameSliderMVVMApp */ = {
			isa = PBXGroup;
			children = (
				35CF9EAE2A4594F800A06ABC /* GameViewModel.swift */,
				35CF9EB02A45953A00A06ABC /* GameOptions.swift */,
				35CF9EAC2A4594D500A06ABC /* GameSliderView.swift */,
				35CF9E9E2A45947000A06ABC /* GameSliderMVVMAppApp.swift */,
				35CF9EA02A45947000A06ABC /* ContentView.swift */,
				35CF9EA22A45947200A06ABC /* Assets.xcassets */,
				35CF9EA42A45947200A06ABC /* Preview Content */,
			);
			path = GameSliderMVVMApp;
			sourceTree = "<group>";
		};
		35CF9EA42A45947200A06ABC /* Preview Content */ = {
			isa = PBXGroup;
			children = (
				35CF9EA52A45947200A06ABC /* Preview Assets.xcassets */,
			);
			path = "Preview Content";
			sourceTree = "<group>";
		};
/* End PBXGroup section */

/* Begin PBXNativeTarget section */
		35CF9E9A2A45947000A06ABC /* GameSliderMVVMApp */ = {
			isa = PBXNativeTarget;
			buildConfigurationList = 35CF9EA92A45947200A06ABC /* Build configuration list for PBXNativeTarget "GameSliderMVVMApp" */;
			buildPhases = (
				35CF9E972A45947000A06ABC /* Sources */,
				35CF9E982A45947000A06ABC /* Frameworks */,
				35CF9E992A45947000A06ABC /* Resources */,
			);
			buildRules = (
			);
			dependencies = (
			);
			name = GameSliderMVVMApp;
			productName = GameSliderMVVMApp;
			productReference = 35CF9E9B2A45947000A06ABC /* GameSliderMVVMApp.app */;
			productType = "com.apple.product-type.application";
		};
/* End PBXNativeTarget section */

/* Begin PBXProject section */
		35CF9E932A45946F00A06ABC /* Project object */ = {
			isa = PBXProject;
			attributes = {
				BuildIndependentTargetsInParallel = 1;
				LastSwiftUpdateCheck = 1420;
				LastUpgradeCheck = 1420;
				TargetAttributes = {
					35CF9E9A2A45947000A06ABC = {
						CreatedOnToolsVersion = 14.2;
					};
				};
			};
			buildConfigurationList = 35CF9E962A45946F00A06ABC /* Build configuration list for PBXProject "GameSliderMVVMApp" */;
			compatibilityVersion = "Xcode 14.0";
			developmentRegion = en;
			hasScannedForEncodings = 0;
			knownRegions = (
				en,
				Base,
			);
			mainGroup = 35CF9E922A45946F00A06ABC;
			productRefGroup = 35CF9E9C2A45947000A06ABC /* Products */;
			projectDirPath = "";
			projectRoot = "";
			targets = (
				35CF9E9A2A45947000A06ABC /* GameSliderMVVMApp */,
			);
		};
/* End PBXProject section */

/* Begin PBXResourcesBuildPhase section */
		35CF9E992A45947000A06ABC /* Resources */ = {
			isa = PBXResourcesBuildPhase;
			buildActionMask = 2147483647;
			files = (
				35CF9EA62A45947200A06ABC /* Preview Assets.xcassets in Resources */,
				35CF9EA32A45947200A06ABC /* Assets.xcassets in Resources */,
			);
			runOnlyForDeploymentPostprocessing = 0;
		};
/* End PBXResourcesBuildPhase section */

/* Begin PBXSourcesBuildPhase section */
		35CF9E972A45947000A06ABC /* Sources */ = {
			isa = PBXSourcesBuildPhase;
			buildActionMask = 2147483647;
			files = (
				35CF9EAF2A4594F800A06ABC /* GameViewModel.swift in Sources */,
				35CF9EB12A45953A00A06ABC /* GameOptions.swift in Sources */,
				35CF9EA12A45947000A06ABC /* ContentView.swift in Sources */,
				35CF9E9F2A45947000A06ABC /* GameSliderMVVMAppApp.swift in Sources */,
				35CF9EAD2A4594D500A06ABC /* GameSliderView.swift in Sources */,
			);
			runOnlyForDeploymentPostprocessing = 0;
		};
/* End PBXSourcesBuildPhase section */

/* Begin XCBuildConfiguration section */
		35CF9EA72A45947200A06ABC /* Debug */ = {
			isa = XCBuildConfiguration;
			buildSettings = {
				ALWAYS_SEARCH_USER_PATHS = NO;
				CLANG_ANALYZER_NONNULL = YES;
				CLANG_ANALYZER_NUMBER_OBJECT_CONVERSION = YES_AGGRESSIVE;
				CLANG_CXX_LANGUAGE_STANDARD = "gnu++20";
				CLANG_ENABLE_MODULES = YES;
				CLANG_ENABLE_OBJC_ARC = YES;
				CLANG_ENABLE_OBJC_WEAK = YES;
				CLANG_WARN_BLOCK_CAPTURE_AUTORELEASING = YES;
				CLANG_WARN_BOOL_CONVERSION = YES;
				CLANG_WARN_COMMA = YES;
				CLANG_WARN_CONSTANT_CONVERSION = YES;
				CLANG_WARN_DEPRECATED_OBJC_IMPLEMENTATIONS = YES;
				CLANG_WARN_DIRECT_OBJC_ISA_USAGE = YES_ERROR;
				CLANG_WARN_DOCUMENTATION_COMMENTS = YES;
				CLANG_WARN_EMPTY_BODY = YES;
				CLANG_WARN_ENUM_CONVERSION = YES;
				CLANG_WARN_INFINITE_RECURSION = YES;
				CLANG_WARN_INT_CONVERSION = YES;
				CLANG_WARN_NON_LITERAL_NULL_CONVERSION = YES;
				CLANG_WARN_OBJC_IMPLICIT_RETAIN_SELF = YES;
				CLANG_WARN_OBJC_LITERAL_CONVERSION = YES;
				CLANG_WARN_OBJC_ROOT_CLASS = YES_ERROR;
				CLANG_WARN_QUOTED_INCLUDE_IN_FRAMEWORK_HEADER = YES;
				CLANG_WARN_RANGE_LOOP_ANALYSIS = YES;
				CLANG_WARN_STRICT_PROTOTYPES = YES;
				CLANG_WARN_SUSPICIOUS_MOVE = YES;
				CLANG_WARN_UNGUARDED_AVAILABILITY = YES_AGGRESSIVE;
				CLANG_WARN_UNREACHABLE_CODE = YES;
				CLANG_WARN__DUPLICATE_METHOD_MATCH = YES;
				COPY_PHASE_STRIP = NO;
				DEBUG_INFORMATION_FORMAT = dwarf;
				ENABLE_STRICT_OBJC_MSGSEND = YES;
				ENABLE_TESTABILITY = YES;
				GCC_C_LANGUAGE_STANDARD = gnu11;
				GCC_DYNAMIC_NO_PIC = NO;
				GCC_NO_COMMON_BLOCKS = YES;
				GCC_OPTIMIZATION_LEVEL = 0;
				GCC_PREPROCESSOR_DEFINITIONS = (
					"DEBUG=1",
					"$(inherited)",
				);
				GCC_WARN_64_TO_32_BIT_CONVERSION = YES;
				GCC_WARN_ABOUT_RETURN_TYPE = YES_ERROR;
				GCC_WARN_UNDECLARED_SELECTOR = YES;
				GCC_WARN_UNINITIALIZED_AUTOS = YES_AGGRESSIVE;
				GCC_WARN_UNUSED_FUNCTION = YES;
				GCC_WARN_UNUSED_VARIABLE = YES;
				IPHONEOS_DEPLOYMENT_TARGET = 16.2;
				MTL_ENABLE_DEBUG_INFO = INCLUDE_SOURCE;
				MTL_FAST_MATH = YES;
				ONLY_ACTIVE_ARCH = YES;
				SDKROOT = iphoneos;
				SWIFT_ACTIVE_COMPILATION_CONDITIONS = DEBUG;
				SWIFT_OPTIMIZATION_LEVEL = "-Onone";
			};
			name = Debug;
		};
		35CF9EA82A45947200A06ABC /* Release */ = {
			isa = XCBuildConfiguration;
			buildSettings = {
				ALWAYS_SEARCH_USER_PATHS = NO;
				CLANG_ANALYZER_NONNULL = YES;
				CLANG_ANALYZER_NUMBER_OBJECT_CONVERSION = YES_AGGRESSIVE;
				CLANG_CXX_LANGUAGE_STANDARD = "gnu++20";
				CLANG_ENABLE_MODULES = YES;
				CLANG_ENABLE_OBJC_ARC = YES;
				CLANG_ENABLE_OBJC_WEAK = YES;
				CLANG_WARN_BLOCK_CAPTURE_AUTORELEASING = YES;
				CLANG_WARN_BOOL_CONVERSION = YES;
				CLANG_WARN_COMMA = YES;
				CLANG_WARN_CONSTANT_CONVERSION = YES;
				CLANG_WARN_DEPRECATED_OBJC_IMPLEMENTATIONS = YES;
				CLANG_WARN_DIRECT_OBJC_ISA_USAGE = YES_ERROR;
				CLANG_WARN_DOCUMENTATION_COMMENTS = YES;
				CLANG_WARN_EMPTY_BODY = YES;
				CLANG_WARN_ENUM_CONVERSION = YES;
				CLANG_WARN_INFINITE_RECURSION = YES;
				CLANG_WARN_INT_CONVERSION = YES;
				CLANG_WARN_NON_LITERAL_NULL_CONVERSION = YES;
				CLANG_WARN_OBJC_IMPLICIT_RETAIN_SELF = YES;
				CLANG_WARN_OBJC_LITERAL_CONVERSION = YES;
				CLANG_WARN_OBJC_ROOT_CLASS = YES_ERROR;
				CLANG_WARN_QUOTED_INCLUDE_IN_FRAMEWORK_HEADER = YES;
				CLANG_WARN_RANGE_LOOP_ANALYSIS = YES;
				CLANG_WARN_STRICT_PROTOTYPES = YES;
				CLANG_WARN_SUSPICIOUS_MOVE = YES;
				CLANG_WARN_UNGUARDED_AVAILABILITY = YES_AGGRESSIVE;
				CLANG_WARN_UNREACHABLE_CODE = YES;
				CLANG_WARN__DUPLICATE_METHOD_MATCH = YES;
				COPY_PHASE_STRIP = NO;
				DEBUG_INFORMATION_FORMAT = "dwarf-with-dsym";
				ENABLE_NS_ASSERTIONS = NO;
				ENABLE_STRICT_OBJC_MSGSEND = YES;
				GCC_C_LANGUAGE_STANDARD = gnu11;
				GCC_NO_COMMON_BLOCKS = YES;
				GCC_WARN_64_TO_32_BIT_CONVERSION = YES;
				GCC_WARN_ABOUT_RETURN_TYPE = YES_ERROR;
				GCC_WARN_UNDECLARED_SELECTOR = YES;
				GCC_WARN_UNINITIALIZED_AUTOS = YES_AGGRESSIVE;
				GCC_WARN_UNUSED_FUNCTION = YES;
				GCC_WARN_UNUSED_VARIABLE = YES;
				IPHONEOS_DEPLOYMENT_TARGET = 16.2;
				MTL_ENABLE_DEBUG_INFO = NO;
				MTL_FAST_MATH = YES;
				SDKROOT = iphoneos;
				SWIFT_COMPILATION_MODE = wholemodule;
				SWIFT_OPTIMIZATION_LEVEL = "-O";
				VALIDATE_PRODUCT = YES;
			};
			name = Release;
		};
		35CF9EAA2A45947200A06ABC /* Debug */ = {
			isa = XCBuildConfiguration;
			buildSettings = {
				ASSETCATALOG_COMPILER_APPICON_NAME = AppIcon;
				ASSETCATALOG_COMPILER_GLOBAL_ACCENT_COLOR_NAME = AccentColor;
				CODE_SIGN_STYLE = Automatic;
				CURRENT_PROJECT_VERSION = 1;
				DEVELOPMENT_ASSET_PATHS = "\"GameSliderMVVMApp/Preview Content\"";
				DEVELOPMENT_TEAM = XZW4VA4NWF;
				ENABLE_PREVIEWS = YES;
				GENERATE_INFOPLIST_FILE = YES;
				INFOPLIST_KEY_UIApplicationSceneManifest_Generation = YES;
				INFOPLIST_KEY_UIApplicationSupportsIndirectInputEvents = YES;
				INFOPLIST_KEY_UILaunchScreen_Generation = YES;
				INFOPLIST_KEY_UISupportedInterfaceOrientations_iPad = "UIInterfaceOrientationPortrait UIInterfaceOrientationPortraitUpsideDown UIInterfaceOrientationLandscapeLeft UIInterfaceOrientationLandscapeRight";
				INFOPLIST_KEY_UISupportedInterfaceOrientations_iPhone = "UIInterfaceOrientationPortrait UIInterfaceOrientationLandscapeLeft UIInterfaceOrientationLandscapeRight";
				LD_RUNPATH_SEARCH_PATHS = (
					"$(inherited)",
					"@executable_path/Frameworks",
				);
				MARKETING_VERSION = 1.0;
				PRODUCT_BUNDLE_IDENTIFIER = kz.zaki.GameSliderMVVMApp;
				PRODUCT_NAME = "$(TARGET_NAME)";
				SWIFT_EMIT_LOC_STRINGS = YES;
				SWIFT_VERSION = 5.0;
				TARGETED_DEVICE_FAMILY = "1,2";
			};
			name = Debug;
		};
		35CF9EAB2A45947200A06ABC /* Release */ = {
			isa = XCBuildConfiguration;
			buildSettings = {
				ASSETCATALOG_COMPILER_APPICON_NAME = AppIcon;
				ASSETCATALOG_COMPILER_GLOBAL_ACCENT_COLOR_NAME = AccentColor;
				CODE_SIGN_STYLE = Automatic;
				CURRENT_PROJECT_VERSION = 1;
				DEVELOPMENT_ASSET_PATHS = "\"GameSliderMVVMApp/Preview Content\"";
				DEVELOPMENT_TEAM = XZW4VA4NWF;
				ENABLE_PREVIEWS = YES;
				GENERATE_INFOPLIST_FILE = YES;
				INFOPLIST_KEY_UIApplicationSceneManifest_Generation = YES;
				INFOPLIST_KEY_UIApplicationSupportsIndirectInputEvents = YES;
				INFOPLIST_KEY_UILaunchScreen_Generation = YES;
				INFOPLIST_KEY_UISupportedInterfaceOrientations_iPad = "UIInterfaceOrientationPortrait UIInterfaceOrientationPortraitUpsideDown UIInterfaceOrientationLandscapeLeft UIInterfaceOrientationLandscapeRight";
				INFOPLIST_KEY_UISupportedInterfaceOrientations_iPhone = "UIInterfaceOrientationPortrait UIInterfaceOrientationLandscapeLeft UIInterfaceOrientationLandscapeRight";
				LD_RUNPATH_SEARCH_PATHS = (
					"$(inherited)",
					"@executable_path/Frameworks",
				);
				MARKETING_VERSION = 1.0;
				PRODUCT_BUNDLE_IDENTIFIER = kz.zaki.GameSliderMVVMApp;
				PRODUCT_NAME = "$(TARGET_NAME)";
				SWIFT_EMIT_LOC_STRINGS = YES;
				SWIFT_VERSION = 5.0;
				TARGETED_DEVICE_FAMILY = "1,2";
			};
			name = Release;
		};
/* End XCBuildConfiguration section */

/* Begin XCConfigurationList section */
		35CF9E962A45946F00A06ABC /* Build configuration list for PBXProject "GameSliderMVVMApp" */ = {
			isa = XCConfigurationList;
			buildConfigurations = (
				35CF9EA72A45947200A06ABC /* Debug */,
				35CF9EA82A45947200A06ABC /* Release */,
			);
			defaultConfigurationIsVisible = 0;
			defaultConfigurationName = Release;
		};
		35CF9EA92A45947200A06ABC /* Build configuration list for PBXNativeTarget "GameSliderMVVMApp" */ = {
			isa = XCConfigurationList;
			buildConfigurations = (
				35CF9EAA2A45947200A06ABC /* Debug */,
				35CF9EAB2A45947200A06ABC /* Release */,
			);
			defaultConfigurationIsVisible = 0;
			defaultConfigurationName = Release;
		};
/* End XCConfigurationList section */
	};
	rootObject = 35CF9E932A45946F00A06ABC /* Project object */;
}
